
Microsoft Visual Studio Solution File, Format Version 12.00
# Visual Studio Version 16
VisualStudioVersion = 16.0.29306.81
MinimumVisualStudioVersion = 10.0.40219.1
Project("{FAE04EC0-301F-11D3-BF4B-00C04F79EFBC}") = "MyNewWebApplication", "MyNewWebApplication\MyNewWebApplication.csproj", "{BF09DB10-3852-4AA4-881F-36CE99A65F23}"
EndProject
Global
	GlobalSection(SolutionConfigurationPlatforms) = preSolution
		Debug|Any CPU = Debug|Any CPU
		Release|Any CPU = Release|Any CPU
	EndGlobalSection
	GlobalSection(ProjectConfigurationPlatforms) = postSolution
		{BF09DB10-3852-4AA4-881F-36CE99A65F23}.Debug|Any CPU.ActiveCfg = Debug|Any CPU
		{BF09DB10-3852-4AA4-881F-36CE99A65F23}.Debug|Any CPU.Build.0 = Debug|Any CPU
		{BF09DB10-3852-4AA4-881F-36CE99A65F23}.Release|Any CPU.ActiveCfg = Release|Any CPU
		{BF09DB10-3852-4AA4-881F-36CE99A65F23}.Release|Any CPU.Build.0 = Release|Any CPU
	EndGlobalSection
	GlobalSection(SolutionProperties) = preSolution
		HideSolutionNode = FALSE
	EndGlobalSection
	GlobalSection(ExtensibilityGlobals) = postSolution
		SolutionGuid = {817B3ACD-A794-47EE-9D1B-E56DEC19574F}
	EndGlobalSection
EndGlobal
